
Microsoft Visual Studio Solution File, Format Version 12.00
# Visual Studio Version 17
VisualStudioVersion = 17.4.33213.308
MinimumVisualStudioVersion = 10.0.40219.1
Project("{9A19103F-16F7-4668-BE54-9A1E7A4F7556}") = "eShopSolution.Data", "eShopSolution.Data\eShopSolution.Data.csproj", "{BC699333-4520-42FA-B14D-0786F5F89D38}"
EndProject
Project("{9A19103F-16F7-4668-BE54-9A1E7A4F7556}") = "eShopSolution.Application", "eShopSolution.Application\eShopSolution.Application.csproj", "{DC94049B-63E0-4368-B4DD-9F7DF3C6EF77}"
EndProject
Project("{9A19103F-16F7-4668-BE54-9A1E7A4F7556}") = "eShopSolution.WebApp", "eShopSolution.WebApp\eShopSolution.WebApp.csproj", "{1D6EF3D6-1070-4BAE-A31C-1CBC4CBDB33A}"
EndProject
Project("{9A19103F-16F7-4668-BE54-9A1E7A4F7556}") = "eShopSolution.Utilities", "eShopSolution.Utilities\eShopSolution.Utilities.csproj", "{1722C4C6-4743-43E0-95F6-022788B0809C}"
EndProject
Project("{9A19103F-16F7-4668-BE54-9A1E7A4F7556}") = "eShopSolution.ViewModels", "eShopSolution.ViewModels\eShopSolution.ViewModels.csproj", "{3771985D-A52E-4EC2-AEE6-B6F87AA07D9F}"
EndProject
Project("{9A19103F-16F7-4668-BE54-9A1E7A4F7556}") = "eShopSolutionBackendApi", "eShopSolutionBackendApi\eShopSolutionBackendApi.csproj", "{8F1465D5-7CF3-4F74-8BB4-DE5E9FEC0FBD}"
EndProject
Project("{2150E333-8FDC-42A3-9474-1A3956D46DE8}") = "1. Infrastructure", "1. Infrastructure", "{0DAF24C1-BD73-4FD1-BCB6-8C4D2036C144}"
EndProject
Project("{2150E333-8FDC-42A3-9474-1A3956D46DE8}") = "2. Domain", "2. Domain", "{0AE12787-6757-43F8-8173-26B299F6A7F4}"
EndProject
Project("{2150E333-8FDC-42A3-9474-1A3956D46DE8}") = "3. Host", "3. Host", "{67CE4F70-8E6D-4019-AE5D-EDCA571E0B0F}"
EndProject
Global
	GlobalSection(SolutionConfigurationPlatforms) = preSolution
		Debug|Any CPU = Debug|Any CPU
		Release|Any CPU = Release|Any CPU
	EndGlobalSection
	GlobalSection(ProjectConfigurationPlatforms) = postSolution
		{BC699333-4520-42FA-B14D-0786F5F89D38}.Debug|Any CPU.ActiveCfg = Debug|Any CPU
		{BC699333-4520-42FA-B14D-0786F5F89D38}.Debug|Any CPU.Build.0 = Debug|Any CPU
		{BC699333-4520-42FA-B14D-0786F5F89D38}.Release|Any CPU.ActiveCfg = Release|Any CPU
		{BC699333-4520-42FA-B14D-0786F5F89D38}.Release|Any CPU.Build.0 = Release|Any CPU
		{DC94049B-63E0-4368-B4DD-9F7DF3C6EF77}.Debug|Any CPU.ActiveCfg = Debug|Any CPU
		{DC94049B-63E0-4368-B4DD-9F7DF3C6EF77}.Debug|Any CPU.Build.0 = Debug|Any CPU
		{DC94049B-63E0-4368-B4DD-9F7DF3C6EF77}.Release|Any CPU.ActiveCfg = Release|Any CPU
		{DC94049B-63E0-4368-B4DD-9F7DF3C6EF77}.Release|Any CPU.Build.0 = Release|Any CPU
		{1D6EF3D6-1070-4BAE-A31C-1CBC4CBDB33A}.Debug|Any CPU.ActiveCfg = Debug|Any CPU
		{1D6EF3D6-1070-4BAE-A31C-1CBC4CBDB33A}.Debug|Any CPU.Build.0 = Debug|Any CPU
		{1D6EF3D6-1070-4BAE-A31C-1CBC4CBDB33A}.Release|Any CPU.ActiveCfg = Release|Any CPU
		{1D6EF3D6-1070-4BAE-A31C-1CBC4CBDB33A}.Release|Any CPU.Build.0 = Release|Any CPU
		{1722C4C6-4743-43E0-95F6-022788B0809C}.Debug|Any CPU.ActiveCfg = Debug|Any CPU
		{1722C4C6-4743-43E0-95F6-022788B0809C}.Debug|Any CPU.Build.0 = Debug|Any CPU
		{1722C4C6-4743-43E0-95F6-022788B0809C}.Release|Any CPU.ActiveCfg = Release|Any CPU
		{1722C4C6-4743-43E0-95F6-022788B0809C}.Release|Any CPU.Build.0 = Release|Any CPU
		{3771985D-A52E-4EC2-AEE6-B6F87AA07D9F}.Debug|Any CPU.ActiveCfg = Debug|Any CPU
		{3771985D-A52E-4EC2-AEE6-B6F87AA07D9F}.Debug|Any CPU.Build.0 = Debug|Any CPU
		{3771985D-A52E-4EC2-AEE6-B6F87AA07D9F}.Release|Any CPU.ActiveCfg = Release|Any CPU
		{3771985D-A52E-4EC2-AEE6-B6F87AA07D9F}.Release|Any CPU.Build.0 = Release|Any CPU
		{8F1465D5-7CF3-4F74-8BB4-DE5E9FEC0FBD}.Debug|Any CPU.ActiveCfg = Debug|Any CPU
		{8F1465D5-7CF3-4F74-8BB4-DE5E9FEC0FBD}.Debug|Any CPU.Build.0 = Debug|Any CPU
		{8F1465D5-7CF3-4F74-8BB4-DE5E9FEC0FBD}.Release|Any CPU.ActiveCfg = Release|Any CPU
		{8F1465D5-7CF3-4F74-8BB4-DE5E9FEC0FBD}.Release|Any CPU.Build.0 = Release|Any CPU
	EndGlobalSection
	GlobalSection(SolutionProperties) = preSolution
		HideSolutionNode = FALSE
	EndGlobalSection
	GlobalSection(NestedProjects) = preSolution
		{BC699333-4520-42FA-B14D-0786F5F89D38} = {0AE12787-6757-43F8-8173-26B299F6A7F4}
		{DC94049B-63E0-4368-B4DD-9F7DF3C6EF77} = {0AE12787-6757-43F8-8173-26B299F6A7F4}
		{1D6EF3D6-1070-4BAE-A31C-1CBC4CBDB33A} = {67CE4F70-8E6D-4019-AE5D-EDCA571E0B0F}
		{1722C4C6-4743-43E0-95F6-022788B0809C} = {0DAF24C1-BD73-4FD1-BCB6-8C4D2036C144}
		{3771985D-A52E-4EC2-AEE6-B6F87AA07D9F} = {0DAF24C1-BD73-4FD1-BCB6-8C4D2036C144}
		{8F1465D5-7CF3-4F74-8BB4-DE5E9FEC0FBD} = {67CE4F70-8E6D-4019-AE5D-EDCA571E0B0F}
	EndGlobalSection
	GlobalSection(ExtensibilityGlobals) = postSolution
		SolutionGuid = {49DC9193-7FBB-4E65-B992-FBB9A0D1F18D}
	EndGlobalSection
EndGlobal
